
Microsoft Visual Studio Solution File, Format Version 12.00
# Visual Studio Version 16
VisualStudioVersion = 16.0.32413.511
MinimumVisualStudioVersion = 10.0.40219.1
Project("{FAE04EC0-301F-11D3-BF4B-00C04F79EFBC}") = "StringsAndArrays", "StringsAndArrays\StringsAndArrays.csproj", "{F464706C-0BC3-4318-945A-CE0856ECA3F7}"
EndProject
Project("{FAE04EC0-301F-11D3-BF4B-00C04F79EFBC}") = "StringAndIndexes", "StringAndIndexes\StringAndIndexes.csproj", "{2E8BEA05-6CAF-4A79-86F2-511061F5D174}"
EndProject
Project("{FAE04EC0-301F-11D3-BF4B-00C04F79EFBC}") = "ForLoopForString", "ForLoopForString\ForLoopForString.csproj", "{7A5CB030-B750-4F9F-B3B7-6C2DFFF4BCE1}"
EndProject
Project("{FAE04EC0-301F-11D3-BF4B-00C04F79EFBC}") = "OCounter", "OCounter\OCounter.csproj", "{F3D45915-3402-4B93-BD21-2C6EDD9E5B69}"
EndProject
Project("{FAE04EC0-301F-11D3-BF4B-00C04F79EFBC}") = "StringReplace", "StringReplace\StringReplace.csproj", "{2C8387F4-FB3A-4A21-807C-02B58161C485}"
EndProject
Project("{FAE04EC0-301F-11D3-BF4B-00C04F79EFBC}") = "NameReverse", "NameReverse\NameReverse.csproj", "{BCD7C19B-E091-4F64-91E6-6E870872B2CE}"
EndProject
Project("{FAE04EC0-301F-11D3-BF4B-00C04F79EFBC}") = "DontPanic", "DontPanic\DontPanic.csproj", "{BB22D15B-296B-4013-8F51-92EBF8CF192E}"
EndProject
Project("{FAE04EC0-301F-11D3-BF4B-00C04F79EFBC}") = "RandomLetter", "RandomLetter\RandomLetter.csproj", "{01F7C4F5-0A1D-4856-B484-30C1881FD7A9}"
EndProject
Global
	GlobalSection(SolutionConfigurationPlatforms) = preSolution
		Debug|Any CPU = Debug|Any CPU
		Release|Any CPU = Release|Any CPU
	EndGlobalSection
	GlobalSection(ProjectConfigurationPlatforms) = postSolution
		{F464706C-0BC3-4318-945A-CE0856ECA3F7}.Debug|Any CPU.ActiveCfg = Debug|Any CPU
		{F464706C-0BC3-4318-945A-CE0856ECA3F7}.Debug|Any CPU.Build.0 = Debug|Any CPU
		{F464706C-0BC3-4318-945A-CE0856ECA3F7}.Release|Any CPU.ActiveCfg = Release|Any CPU
		{F464706C-0BC3-4318-945A-CE0856ECA3F7}.Release|Any CPU.Build.0 = Release|Any CPU
		{2E8BEA05-6CAF-4A79-86F2-511061F5D174}.Debug|Any CPU.ActiveCfg = Debug|Any CPU
		{2E8BEA05-6CAF-4A79-86F2-511061F5D174}.Debug|Any CPU.Build.0 = Debug|Any CPU
		{2E8BEA05-6CAF-4A79-86F2-511061F5D174}.Release|Any CPU.ActiveCfg = Release|Any CPU
		{2E8BEA05-6CAF-4A79-86F2-511061F5D174}.Release|Any CPU.Build.0 = Release|Any CPU
		{7A5CB030-B750-4F9F-B3B7-6C2DFFF4BCE1}.Debug|Any CPU.ActiveCfg = Debug|Any CPU
		{7A5CB030-B750-4F9F-B3B7-6C2DFFF4BCE1}.Debug|Any CPU.Build.0 = Debug|Any CPU
		{7A5CB030-B750-4F9F-B3B7-6C2DFFF4BCE1}.Release|Any CPU.ActiveCfg = Release|Any CPU
		{7A5CB030-B750-4F9F-B3B7-6C2DFFF4BCE1}.Release|Any CPU.Build.0 = Release|Any CPU
		{F3D45915-3402-4B93-BD21-2C6EDD9E5B69}.Debug|Any CPU.ActiveCfg = Debug|Any CPU
		{F3D45915-3402-4B93-BD21-2C6EDD9E5B69}.Debug|Any CPU.Build.0 = Debug|Any CPU
		{F3D45915-3402-4B93-BD21-2C6EDD9E5B69}.Release|Any CPU.ActiveCfg = Release|Any CPU
		{F3D45915-3402-4B93-BD21-2C6EDD9E5B69}.Release|Any CPU.Build.0 = Release|Any CPU
		{2C8387F4-FB3A-4A21-807C-02B58161C485}.Debug|Any CPU.ActiveCfg = Debug|Any CPU
		{2C8387F4-FB3A-4A21-807C-02B58161C485}.Debug|Any CPU.Build.0 = Debug|Any CPU
		{2C8387F4-FB3A-4A21-807C-02B58161C485}.Release|Any CPU.ActiveCfg = Release|Any CPU
		{2C8387F4-FB3A-4A21-807C-02B58161C485}.Release|Any CPU.Build.0 = Release|Any CPU
		{BCD7C19B-E091-4F64-91E6-6E870872B2CE}.Debug|Any CPU.ActiveCfg = Debug|Any CPU
		{BCD7C19B-E091-4F64-91E6-6E870872B2CE}.Debug|Any CPU.Build.0 = Debug|Any CPU
		{BCD7C19B-E091-4F64-91E6-6E870872B2CE}.Release|Any CPU.ActiveCfg = Release|Any CPU
		{BCD7C19B-E091-4F64-91E6-6E870872B2CE}.Release|Any CPU.Build.0 = Release|Any CPU
		{BB22D15B-296B-4013-8F51-92EBF8CF192E}.Debug|Any CPU.ActiveCfg = Debug|Any CPU
		{BB22D15B-296B-4013-8F51-92EBF8CF192E}.Debug|Any CPU.Build.0 = Debug|Any CPU
		{BB22D15B-296B-4013-8F51-92EBF8CF192E}.Release|Any CPU.ActiveCfg = Release|Any CPU
		{BB22D15B-296B-4013-8F51-92EBF8CF192E}.Release|Any CPU.Build.0 = Release|Any CPU
		{01F7C4F5-0A1D-4856-B484-30C1881FD7A9}.Debug|Any CPU.ActiveCfg = Debug|Any CPU
		{01F7C4F5-0A1D-4856-B484-30C1881FD7A9}.Debug|Any CPU.Build.0 = Debug|Any CPU
		{01F7C4F5-0A1D-4856-B484-30C1881FD7A9}.Release|Any CPU.ActiveCfg = Release|Any CPU
		{01F7C4F5-0A1D-4856-B484-30C1881FD7A9}.Release|Any CPU.Build.0 = Release|Any CPU
	EndGlobalSection
	GlobalSection(SolutionProperties) = preSolution
		HideSolutionNode = FALSE
	EndGlobalSection
	GlobalSection(ExtensibilityGlobals) = postSolution
		SolutionGuid = {7262B752-ECCA-4779-9FCC-EA86A0FEE091}
	EndGlobalSection
EndGlobal
